
Microsoft Visual Studio Solution File, Format Version 12.00
# Visual Studio 2013
VisualStudioVersion = 12.0.30723.0
MinimumVisualStudioVersion = 10.0.40219.1
Project("{FAE04EC0-301F-11D3-BF4B-00C04F79EFBC}") = "NayamodeApp", "NayamodeApp\NayamodeApp\NayamodeApp.csproj", "{DD4F7C8F-F8C3-4182-8DF4-9A22787679C8}"
EndProject
Project("{FAE04EC0-301F-11D3-BF4B-00C04F79EFBC}") = "NayamodeApp.iOS", "NayamodeApp\NayamodeApp.iOS\NayamodeApp.iOS.csproj", "{E3745490-9C03-40EC-88C8-DD90F2CA5BB5}"
EndProject
Project("{FAE04EC0-301F-11D3-BF4B-00C04F79EFBC}") = "NayamodeApp.Android", "NayamodeApp\NayamodeApp.Android\NayamodeApp.Android.csproj", "{31FCCE02-8042-46AA-AF1B-4584970F71C3}"
EndProject
Project("{FAE04EC0-301F-11D3-BF4B-00C04F79EFBC}") = "NayamodeApp.WinPhone", "NayamodeApp\NayamodeApp.WinPhone\NayamodeApp.WinPhone.csproj", "{4392FCA6-C336-4289-8058-554ABC312FB8}"
EndProject
Global
	GlobalSection(SolutionConfigurationPlatforms) = preSolution
		Ad-Hoc|Any CPU = Ad-Hoc|Any CPU
		Ad-Hoc|ARM = Ad-Hoc|ARM
		Ad-Hoc|iPhone = Ad-Hoc|iPhone
		Ad-Hoc|iPhoneSimulator = Ad-Hoc|iPhoneSimulator
		Ad-Hoc|Mixed Platforms = Ad-Hoc|Mixed Platforms
		Ad-Hoc|x86 = Ad-Hoc|x86
		AppStore|Any CPU = AppStore|Any CPU
		AppStore|ARM = AppStore|ARM
		AppStore|iPhone = AppStore|iPhone
		AppStore|iPhoneSimulator = AppStore|iPhoneSimulator
		AppStore|Mixed Platforms = AppStore|Mixed Platforms
		AppStore|x86 = AppStore|x86
		Debug|Any CPU = Debug|Any CPU
		Debug|ARM = Debug|ARM
		Debug|iPhone = Debug|iPhone
		Debug|iPhoneSimulator = Debug|iPhoneSimulator
		Debug|Mixed Platforms = Debug|Mixed Platforms
		Debug|x86 = Debug|x86
		Release|Any CPU = Release|Any CPU
		Release|ARM = Release|ARM
		Release|iPhone = Release|iPhone
		Release|iPhoneSimulator = Release|iPhoneSimulator
		Release|Mixed Platforms = Release|Mixed Platforms
		Release|x86 = Release|x86
	EndGlobalSection
	GlobalSection(ProjectConfigurationPlatforms) = postSolution
		{DD4F7C8F-F8C3-4182-8DF4-9A22787679C8}.Ad-Hoc|Any CPU.ActiveCfg = Release|Any CPU
		{DD4F7C8F-F8C3-4182-8DF4-9A22787679C8}.Ad-Hoc|Any CPU.Build.0 = Release|Any CPU
		{DD4F7C8F-F8C3-4182-8DF4-9A22787679C8}.Ad-Hoc|ARM.ActiveCfg = Release|Any CPU
		{DD4F7C8F-F8C3-4182-8DF4-9A22787679C8}.Ad-Hoc|iPhone.ActiveCfg = Release|Any CPU
		{DD4F7C8F-F8C3-4182-8DF4-9A22787679C8}.Ad-Hoc|iPhoneSimulator.ActiveCfg = Release|Any CPU
		{DD4F7C8F-F8C3-4182-8DF4-9A22787679C8}.Ad-Hoc|Mixed Platforms.ActiveCfg = Release|Any CPU
		{DD4F7C8F-F8C3-4182-8DF4-9A22787679C8}.Ad-Hoc|Mixed Platforms.Build.0 = Release|Any CPU
		{DD4F7C8F-F8C3-4182-8DF4-9A22787679C8}.Ad-Hoc|x86.ActiveCfg = Release|Any CPU
		{DD4F7C8F-F8C3-4182-8DF4-9A22787679C8}.AppStore|Any CPU.ActiveCfg = Release|Any CPU
		{DD4F7C8F-F8C3-4182-8DF4-9A22787679C8}.AppStore|Any CPU.Build.0 = Release|Any CPU
		{DD4F7C8F-F8C3-4182-8DF4-9A22787679C8}.AppStore|ARM.ActiveCfg = Release|Any CPU
		{DD4F7C8F-F8C3-4182-8DF4-9A22787679C8}.AppStore|iPhone.ActiveCfg = Release|Any CPU
		{DD4F7C8F-F8C3-4182-8DF4-9A22787679C8}.AppStore|iPhoneSimulator.ActiveCfg = Release|Any CPU
		{DD4F7C8F-F8C3-4182-8DF4-9A22787679C8}.AppStore|Mixed Platforms.ActiveCfg = Release|Any CPU
		{DD4F7C8F-F8C3-4182-8DF4-9A22787679C8}.AppStore|Mixed Platforms.Build.0 = Release|Any CPU
		{DD4F7C8F-F8C3-4182-8DF4-9A22787679C8}.AppStore|x86.ActiveCfg = Release|Any CPU
		{DD4F7C8F-F8C3-4182-8DF4-9A22787679C8}.Debug|Any CPU.ActiveCfg = Debug|Any CPU
		{DD4F7C8F-F8C3-4182-8DF4-9A22787679C8}.Debug|Any CPU.Build.0 = Debug|Any CPU
		{DD4F7C8F-F8C3-4182-8DF4-9A22787679C8}.Debug|ARM.ActiveCfg = Debug|Any CPU
		{DD4F7C8F-F8C3-4182-8DF4-9A22787679C8}.Debug|iPhone.ActiveCfg = Debug|Any CPU
		{DD4F7C8F-F8C3-4182-8DF4-9A22787679C8}.Debug|iPhoneSimulator.ActiveCfg = Debug|Any CPU
		{DD4F7C8F-F8C3-4182-8DF4-9A22787679C8}.Debug|Mixed Platforms.ActiveCfg = Debug|Any CPU
		{DD4F7C8F-F8C3-4182-8DF4-9A22787679C8}.Debug|Mixed Platforms.Build.0 = Debug|Any CPU
		{DD4F7C8F-F8C3-4182-8DF4-9A22787679C8}.Debug|x86.ActiveCfg = Debug|Any CPU
		{DD4F7C8F-F8C3-4182-8DF4-9A22787679C8}.Release|Any CPU.ActiveCfg = Release|Any CPU
		{DD4F7C8F-F8C3-4182-8DF4-9A22787679C8}.Release|Any CPU.Build.0 = Release|Any CPU
		{DD4F7C8F-F8C3-4182-8DF4-9A22787679C8}.Release|ARM.ActiveCfg = Release|Any CPU
		{DD4F7C8F-F8C3-4182-8DF4-9A22787679C8}.Release|iPhone.ActiveCfg = Release|Any CPU
		{DD4F7C8F-F8C3-4182-8DF4-9A22787679C8}.Release|iPhoneSimulator.ActiveCfg = Release|Any CPU
		{DD4F7C8F-F8C3-4182-8DF4-9A22787679C8}.Release|Mixed Platforms.ActiveCfg = Release|Any CPU
		{DD4F7C8F-F8C3-4182-8DF4-9A22787679C8}.Release|Mixed Platforms.Build.0 = Release|Any CPU
		{DD4F7C8F-F8C3-4182-8DF4-9A22787679C8}.Release|x86.ActiveCfg = Release|Any CPU
		{E3745490-9C03-40EC-88C8-DD90F2CA5BB5}.Ad-Hoc|Any CPU.ActiveCfg = Ad-Hoc|iPhone
		{E3745490-9C03-40EC-88C8-DD90F2CA5BB5}.Ad-Hoc|ARM.ActiveCfg = Ad-Hoc|iPhone
		{E3745490-9C03-40EC-88C8-DD90F2CA5BB5}.Ad-Hoc|iPhone.ActiveCfg = Ad-Hoc|iPhone
		{E3745490-9C03-40EC-88C8-DD90F2CA5BB5}.Ad-Hoc|iPhone.Build.0 = Ad-Hoc|iPhone
		{E3745490-9C03-40EC-88C8-DD90F2CA5BB5}.Ad-Hoc|iPhone.Deploy.0 = Ad-Hoc|iPhone
		{E3745490-9C03-40EC-88C8-DD90F2CA5BB5}.Ad-Hoc|iPhoneSimulator.ActiveCfg = Ad-Hoc|iPhoneSimulator
		{E3745490-9C03-40EC-88C8-DD90F2CA5BB5}.Ad-Hoc|iPhoneSimulator.Build.0 = Ad-Hoc|iPhoneSimulator
		{E3745490-9C03-40EC-88C8-DD90F2CA5BB5}.Ad-Hoc|iPhoneSimulator.Deploy.0 = Ad-Hoc|iPhoneSimulator
		{E3745490-9C03-40EC-88C8-DD90F2CA5BB5}.Ad-Hoc|Mixed Platforms.ActiveCfg = Ad-Hoc|iPhone
		{E3745490-9C03-40EC-88C8-DD90F2CA5BB5}.Ad-Hoc|Mixed Platforms.Build.0 = Ad-Hoc|iPhone
		{E3745490-9C03-40EC-88C8-DD90F2CA5BB5}.Ad-Hoc|Mixed Platforms.Deploy.0 = Ad-Hoc|iPhone
		{E3745490-9C03-40EC-88C8-DD90F2CA5BB5}.Ad-Hoc|x86.ActiveCfg = Ad-Hoc|iPhone
		{E3745490-9C03-40EC-88C8-DD90F2CA5BB5}.AppStore|Any CPU.ActiveCfg = AppStore|iPhone
		{E3745490-9C03-40EC-88C8-DD90F2CA5BB5}.AppStore|ARM.ActiveCfg = AppStore|iPhone
		{E3745490-9C03-40EC-88C8-DD90F2CA5BB5}.AppStore|iPhone.ActiveCfg = AppStore|iPhone
		{E3745490-9C03-40EC-88C8-DD90F2CA5BB5}.AppStore|iPhone.Build.0 = AppStore|iPhone
		{E3745490-9C03-40EC-88C8-DD90F2CA5BB5}.AppStore|iPhone.Deploy.0 = AppStore|iPhone
		{E3745490-9C03-40EC-88C8-DD90F2CA5BB5}.AppStore|iPhoneSimulator.ActiveCfg = AppStore|iPhoneSimulator
		{E3745490-9C03-40EC-88C8-DD90F2CA5BB5}.AppStore|iPhoneSimulator.Build.0 = AppStore|iPhoneSimulator
		{E3745490-9C03-40EC-88C8-DD90F2CA5BB5}.AppStore|iPhoneSimulator.Deploy.0 = AppStore|iPhoneSimulator
		{E3745490-9C03-40EC-88C8-DD90F2CA5BB5}.AppStore|Mixed Platforms.ActiveCfg = AppStore|iPhone
		{E3745490-9C03-40EC-88C8-DD90F2CA5BB5}.AppStore|Mixed Platforms.Build.0 = AppStore|iPhone
		{E3745490-9C03-40EC-88C8-DD90F2CA5BB5}.AppStore|Mixed Platforms.Deploy.0 = AppStore|iPhone
		{E3745490-9C03-40EC-88C8-DD90F2CA5BB5}.AppStore|x86.ActiveCfg = AppStore|iPhone
		{E3745490-9C03-40EC-88C8-DD90F2CA5BB5}.Debug|Any CPU.ActiveCfg = Debug|iPhone
		{E3745490-9C03-40EC-88C8-DD90F2CA5BB5}.Debug|ARM.ActiveCfg = Debug|iPhone
		{E3745490-9C03-40EC-88C8-DD90F2CA5BB5}.Debug|iPhone.ActiveCfg = Debug|iPhone
		{E3745490-9C03-40EC-88C8-DD90F2CA5BB5}.Debug|iPhone.Build.0 = Debug|iPhone
		{E3745490-9C03-40EC-88C8-DD90F2CA5BB5}.Debug|iPhone.Deploy.0 = Debug|iPhone
		{E3745490-9C03-40EC-88C8-DD90F2CA5BB5}.Debug|iPhoneSimulator.ActiveCfg = Debug|iPhoneSimulator
		{E3745490-9C03-40EC-88C8-DD90F2CA5BB5}.Debug|iPhoneSimulator.Build.0 = Debug|iPhoneSimulator
		{E3745490-9C03-40EC-88C8-DD90F2CA5BB5}.Debug|iPhoneSimulator.Deploy.0 = Debug|iPhoneSimulator
		{E3745490-9C03-40EC-88C8-DD90F2CA5BB5}.Debug|Mixed Platforms.ActiveCfg = Debug|iPhoneSimulator
		{E3745490-9C03-40EC-88C8-DD90F2CA5BB5}.Debug|Mixed Platforms.Build.0 = Debug|iPhoneSimulator
		{E3745490-9C03-40EC-88C8-DD90F2CA5BB5}.Debug|Mixed Platforms.Deploy.0 = Debug|iPhoneSimulator
		{E3745490-9C03-40EC-88C8-DD90F2CA5BB5}.Debug|x86.ActiveCfg = Debug|iPhone
		{E3745490-9C03-40EC-88C8-DD90F2CA5BB5}.Release|Any CPU.ActiveCfg = Release|iPhone
		{E3745490-9C03-40EC-88C8-DD90F2CA5BB5}.Release|ARM.ActiveCfg = Release|iPhone
		{E3745490-9C03-40EC-88C8-DD90F2CA5BB5}.Release|iPhone.ActiveCfg = Release|iPhone
		{E3745490-9C03-40EC-88C8-DD90F2CA5BB5}.Release|iPhone.Build.0 = Release|iPhone
		{E3745490-9C03-40EC-88C8-DD90F2CA5BB5}.Release|iPhone.Deploy.0 = Release|iPhone
		{E3745490-9C03-40EC-88C8-DD90F2CA5BB5}.Release|iPhoneSimulator.ActiveCfg = Release|iPhoneSimulator
		{E3745490-9C03-40EC-88C8-DD90F2CA5BB5}.Release|iPhoneSimulator.Build.0 = Release|iPhoneSimulator
		{E3745490-9C03-40EC-88C8-DD90F2CA5BB5}.Release|iPhoneSimulator.Deploy.0 = Release|iPhoneSimulator
		{E3745490-9C03-40EC-88C8-DD90F2CA5BB5}.Release|Mixed Platforms.ActiveCfg = Release|iPhone
		{E3745490-9C03-40EC-88C8-DD90F2CA5BB5}.Release|Mixed Platforms.Build.0 = Release|iPhone
		{E3745490-9C03-40EC-88C8-DD90F2CA5BB5}.Release|Mixed Platforms.Deploy.0 = Release|iPhone
		{E3745490-9C03-40EC-88C8-DD90F2CA5BB5}.Release|x86.ActiveCfg = Release|iPhone
		{31FCCE02-8042-46AA-AF1B-4584970F71C3}.Ad-Hoc|Any CPU.ActiveCfg = Release|Any CPU
		{31FCCE02-8042-46AA-AF1B-4584970F71C3}.Ad-Hoc|Any CPU.Build.0 = Release|Any CPU
		{31FCCE02-8042-46AA-AF1B-4584970F71C3}.Ad-Hoc|Any CPU.Deploy.0 = Release|Any CPU
		{31FCCE02-8042-46AA-AF1B-4584970F71C3}.Ad-Hoc|ARM.ActiveCfg = Release|Any CPU
		{31FCCE02-8042-46AA-AF1B-4584970F71C3}.Ad-Hoc|iPhone.ActiveCfg = Release|Any CPU
		{31FCCE02-8042-46AA-AF1B-4584970F71C3}.Ad-Hoc|iPhoneSimulator.ActiveCfg = Release|Any CPU
		{31FCCE02-8042-46AA-AF1B-4584970F71C3}.Ad-Hoc|Mixed Platforms.ActiveCfg = Release|Any CPU
		{31FCCE02-8042-46AA-AF1B-4584970F71C3}.Ad-Hoc|Mixed Platforms.Build.0 = Release|Any CPU
		{31FCCE02-8042-46AA-AF1B-4584970F71C3}.Ad-Hoc|Mixed Platforms.Deploy.0 = Release|Any CPU
		{31FCCE02-8042-46AA-AF1B-4584970F71C3}.Ad-Hoc|x86.ActiveCfg = Release|Any CPU
		{31FCCE02-8042-46AA-AF1B-4584970F71C3}.AppStore|Any CPU.ActiveCfg = Release|Any CPU
		{31FCCE02-8042-46AA-AF1B-4584970F71C3}.AppStore|Any CPU.Build.0 = Release|Any CPU
		{31FCCE02-8042-46AA-AF1B-4584970F71C3}.AppStore|Any CPU.Deploy.0 = Release|Any CPU
		{31FCCE02-8042-46AA-AF1B-4584970F71C3}.AppStore|ARM.ActiveCfg = Release|Any CPU
		{31FCCE02-8042-46AA-AF1B-4584970F71C3}.AppStore|iPhone.ActiveCfg = Release|Any CPU
		{31FCCE02-8042-46AA-AF1B-4584970F71C3}.AppStore|iPhoneSimulator.ActiveCfg = Release|Any CPU
		{31FCCE02-8042-46AA-AF1B-4584970F71C3}.AppStore|Mixed Platforms.ActiveCfg = Release|Any CPU
		{31FCCE02-8042-46AA-AF1B-4584970F71C3}.AppStore|Mixed Platforms.Build.0 = Release|Any CPU
		{31FCCE02-8042-46AA-AF1B-4584970F71C3}.AppStore|Mixed Platforms.Deploy.0 = Release|Any CPU
		{31FCCE02-8042-46AA-AF1B-4584970F71C3}.AppStore|x86.ActiveCfg = Release|Any CPU
		{31FCCE02-8042-46AA-AF1B-4584970F71C3}.Debug|Any CPU.ActiveCfg = Debug|Any CPU
		{31FCCE02-8042-46AA-AF1B-4584970F71C3}.Debug|Any CPU.Build.0 = Debug|Any CPU
		{31FCCE02-8042-46AA-AF1B-4584970F71C3}.Debug|Any CPU.Deploy.0 = Debug|Any CPU
		{31FCCE02-8042-46AA-AF1B-4584970F71C3}.Debug|ARM.ActiveCfg = Debug|Any CPU
		{31FCCE02-8042-46AA-AF1B-4584970F71C3}.Debug|iPhone.ActiveCfg = Debug|Any CPU
		{31FCCE02-8042-46AA-AF1B-4584970F71C3}.Debug|iPhoneSimulator.ActiveCfg = Debug|Any CPU
		{31FCCE02-8042-46AA-AF1B-4584970F71C3}.Debug|Mixed Platforms.ActiveCfg = Debug|Any CPU
		{31FCCE02-8042-46AA-AF1B-4584970F71C3}.Debug|Mixed Platforms.Build.0 = Debug|Any CPU
		{31FCCE02-8042-46AA-AF1B-4584970F71C3}.Debug|Mixed Platforms.Deploy.0 = Debug|Any CPU
		{31FCCE02-8042-46AA-AF1B-4584970F71C3}.Debug|x86.ActiveCfg = Debug|Any CPU
		{31FCCE02-8042-46AA-AF1B-4584970F71C3}.Release|Any CPU.ActiveCfg = Release|Any CPU
		{31FCCE02-8042-46AA-AF1B-4584970F71C3}.Release|Any CPU.Build.0 = Release|Any CPU
		{31FCCE02-8042-46AA-AF1B-4584970F71C3}.Release|Any CPU.Deploy.0 = Release|Any CPU
		{31FCCE02-8042-46AA-AF1B-4584970F71C3}.Release|ARM.ActiveCfg = Release|Any CPU
		{31FCCE02-8042-46AA-AF1B-4584970F71C3}.Release|iPhone.ActiveCfg = Release|Any CPU
		{31FCCE02-8042-46AA-AF1B-4584970F71C3}.Release|iPhoneSimulator.ActiveCfg = Release|Any CPU
		{31FCCE02-8042-46AA-AF1B-4584970F71C3}.Release|Mixed Platforms.ActiveCfg = Release|Any CPU
		{31FCCE02-8042-46AA-AF1B-4584970F71C3}.Release|Mixed Platforms.Build.0 = Release|Any CPU
		{31FCCE02-8042-46AA-AF1B-4584970F71C3}.Release|Mixed Platforms.Deploy.0 = Release|Any CPU
		{31FCCE02-8042-46AA-AF1B-4584970F71C3}.Release|x86.ActiveCfg = Release|Any CPU
		{4392FCA6-C336-4289-8058-554ABC312FB8}.Ad-Hoc|Any CPU.ActiveCfg = Release|Any CPU
		{4392FCA6-C336-4289-8058-554ABC312FB8}.Ad-Hoc|Any CPU.Build.0 = Release|Any CPU
		{4392FCA6-C336-4289-8058-554ABC312FB8}.Ad-Hoc|Any CPU.Deploy.0 = Release|Any CPU
		{4392FCA6-C336-4289-8058-554ABC312FB8}.Ad-Hoc|ARM.ActiveCfg = Release|ARM
		{4392FCA6-C336-4289-8058-554ABC312FB8}.Ad-Hoc|ARM.Build.0 = Release|ARM
		{4392FCA6-C336-4289-8058-554ABC312FB8}.Ad-Hoc|ARM.Deploy.0 = Release|ARM
		{4392FCA6-C336-4289-8058-554ABC312FB8}.Ad-Hoc|iPhone.ActiveCfg = Release|Any CPU
		{4392FCA6-C336-4289-8058-554ABC312FB8}.Ad-Hoc|iPhoneSimulator.ActiveCfg = Release|Any CPU
		{4392FCA6-C336-4289-8058-554ABC312FB8}.Ad-Hoc|Mixed Platforms.ActiveCfg = Release|x86
		{4392FCA6-C336-4289-8058-554ABC312FB8}.Ad-Hoc|Mixed Platforms.Build.0 = Release|x86
		{4392FCA6-C336-4289-8058-554ABC312FB8}.Ad-Hoc|Mixed Platforms.Deploy.0 = Release|x86
		{4392FCA6-C336-4289-8058-554ABC312FB8}.Ad-Hoc|x86.ActiveCfg = Release|x86
		{4392FCA6-C336-4289-8058-554ABC312FB8}.Ad-Hoc|x86.Build.0 = Release|x86
		{4392FCA6-C336-4289-8058-554ABC312FB8}.Ad-Hoc|x86.Deploy.0 = Release|x86
		{4392FCA6-C336-4289-8058-554ABC312FB8}.AppStore|Any CPU.ActiveCfg = Release|Any CPU
		{4392FCA6-C336-4289-8058-554ABC312FB8}.AppStore|Any CPU.Build.0 = Release|Any CPU
		{4392FCA6-C336-4289-8058-554ABC312FB8}.AppStore|Any CPU.Deploy.0 = Release|Any CPU
		{4392FCA6-C336-4289-8058-554ABC312FB8}.AppStore|ARM.ActiveCfg = Release|ARM
		{4392FCA6-C336-4289-8058-554ABC312FB8}.AppStore|ARM.Build.0 = Release|ARM
		{4392FCA6-C336-4289-8058-554ABC312FB8}.AppStore|ARM.Deploy.0 = Release|ARM
		{4392FCA6-C336-4289-8058-554ABC312FB8}.AppStore|iPhone.ActiveCfg = Release|Any CPU
		{4392FCA6-C336-4289-8058-554ABC312FB8}.AppStore|iPhoneSimulator.ActiveCfg = Release|Any CPU
		{4392FCA6-C336-4289-8058-554ABC312FB8}.AppStore|Mixed Platforms.ActiveCfg = Release|x86
		{4392FCA6-C336-4289-8058-554ABC312FB8}.AppStore|Mixed Platforms.Build.0 = Release|x86
		{4392FCA6-C336-4289-8058-554ABC312FB8}.AppStore|Mixed Platforms.Deploy.0 = Release|x86
		{4392FCA6-C336-4289-8058-554ABC312FB8}.AppStore|x86.ActiveCfg = Release|x86
		{4392FCA6-C336-4289-8058-554ABC312FB8}.AppStore|x86.Build.0 = Release|x86
		{4392FCA6-C336-4289-8058-554ABC312FB8}.AppStore|x86.Deploy.0 = Release|x86
		{4392FCA6-C336-4289-8058-554ABC312FB8}.Debug|Any CPU.ActiveCfg = Debug|Any CPU
		{4392FCA6-C336-4289-8058-554ABC312FB8}.Debug|Any CPU.Build.0 = Debug|Any CPU
		{4392FCA6-C336-4289-8058-554ABC312FB8}.Debug|Any CPU.Deploy.0 = Debug|Any CPU
		{4392FCA6-C336-4289-8058-554ABC312FB8}.Debug|ARM.ActiveCfg = Debug|ARM
		{4392FCA6-C336-4289-8058-554ABC312FB8}.Debug|ARM.Build.0 = Debug|ARM
		{4392FCA6-C336-4289-8058-554ABC312FB8}.Debug|ARM.Deploy.0 = Debug|ARM
		{4392FCA6-C336-4289-8058-554ABC312FB8}.Debug|iPhone.ActiveCfg = Debug|Any CPU
		{4392FCA6-C336-4289-8058-554ABC312FB8}.Debug|iPhoneSimulator.ActiveCfg = Debug|Any CPU
		{4392FCA6-C336-4289-8058-554ABC312FB8}.Debug|Mixed Platforms.ActiveCfg = Debug|x86
		{4392FCA6-C336-4289-8058-554ABC312FB8}.Debug|Mixed Platforms.Build.0 = Debug|x86
		{4392FCA6-C336-4289-8058-554ABC312FB8}.Debug|Mixed Platforms.Deploy.0 = Debug|x86
		{4392FCA6-C336-4289-8058-554ABC312FB8}.Debug|x86.ActiveCfg = Debug|x86
		{4392FCA6-C336-4289-8058-554ABC312FB8}.Debug|x86.Build.0 = Debug|x86
		{4392FCA6-C336-4289-8058-554ABC312FB8}.Debug|x86.Deploy.0 = Debug|x86
		{4392FCA6-C336-4289-8058-554ABC312FB8}.Release|Any CPU.ActiveCfg = Release|Any CPU
		{4392FCA6-C336-4289-8058-554ABC312FB8}.Release|Any CPU.Build.0 = Release|Any CPU
		{4392FCA6-C336-4289-8058-554ABC312FB8}.Release|Any CPU.Deploy.0 = Release|Any CPU
		{4392FCA6-C336-4289-8058-554ABC312FB8}.Release|ARM.ActiveCfg = Release|ARM
		{4392FCA6-C336-4289-8058-554ABC312FB8}.Release|ARM.Build.0 = Release|ARM
		{4392FCA6-C336-4289-8058-554ABC312FB8}.Release|ARM.Deploy.0 = Release|ARM
		{4392FCA6-C336-4289-8058-554ABC312FB8}.Release|iPhone.ActiveCfg = Release|Any CPU
		{4392FCA6-C336-4289-8058-554ABC312FB8}.Release|iPhoneSimulator.ActiveCfg = Release|Any CPU
		{4392FCA6-C336-4289-8058-554ABC312FB8}.Release|Mixed Platforms.ActiveCfg = Release|x86
		{4392FCA6-C336-4289-8058-554ABC312FB8}.Release|Mixed Platforms.Build.0 = Release|x86
		{4392FCA6-C336-4289-8058-554ABC312FB8}.Release|Mixed Platforms.Deploy.0 = Release|x86
		{4392FCA6-C336-4289-8058-554ABC312FB8}.Release|x86.ActiveCfg = Release|x86
		{4392FCA6-C336-4289-8058-554ABC312FB8}.Release|x86.Build.0 = Release|x86
		{4392FCA6-C336-4289-8058-554ABC312FB8}.Release|x86.Deploy.0 = Release|x86
	EndGlobalSection
	GlobalSection(SolutionProperties) = preSolution
		HideSolutionNode = FALSE
	EndGlobalSection
EndGlobal
